<?xml version="1.0" encoding="utf-8"?>
<Project ToolsVersion="4.0" xmlns="http://schemas.microsoft.com/developer/msbuild/2003">
  <ItemGroup>
    <Filter Include="src">
      <UniqueIdentifier>{658957a5-9c91-47e2-8a91-cc88a5ffda56}</UniqueIdentifier>
    </Filter>
    <Filter Include="src\input">
      <UniqueIdentifier>{73ef91a6-f54b-4145-8366-e0cd8d75846a}</UniqueIdentifier>
    </Filter>
    <Filter Include="src\space">
      <UniqueIdentifier>{726ff99f-3af8-48ee-a4ac-2e9d12aa4d80}</UniqueIdentifier>
    </Filter>
    <Filter Include="src\output">
      <UniqueIdentifier>{ca54a5f7-932d-4cdd-8af9-a251edfdfba8}</UniqueIdentifier>
    </Filter>
    <Filter Include="src\include">
      <UniqueIdentifier>{a7adfe9a-cfd7-41f3-8596-c693afbac073}</UniqueIdentifier>
    </Filter>
    <Filter Include="src\global">
      <UniqueIdentifier>{67b8fe61-ae4b-4c78-bc45-e39b906d045b}</UniqueIdentifier>
    </Filter>
    <Filter Include="src\math">
      <UniqueIdentifier>{2922bb1e-c106-4860-a3de-36943be2ad81}</UniqueIdentifier>
    </Filter>
    <Filter Include="src\gpu">
      <UniqueIdentifier>{471a958b-1d7a-4580-80b4-e61968854b83}</UniqueIdentifier>
    </Filter>
    <Filter Include="src\gpu\dataType">
      <UniqueIdentifier>{1910dc79-9a23-4a79-a3fa-f424481752dc}</UniqueIdentifier>
    </Filter>
    <Filter Include="src\drivers">
      <UniqueIdentifier>{ccddfbdd-cbba-4f43-9d9e-6fed70bf332b}</UniqueIdentifier>
    </Filter>
    <Filter Include="src\solvers">
      <UniqueIdentifier>{96c658b4-a9fc-4ac4-a206-d363fc1407a2}</UniqueIdentifier>
    </Filter>
    <Filter Include="src\solvers\equation">
      <UniqueIdentifier>{31ac204d-20fe-4480-86cf-e2901f8dc73e}</UniqueIdentifier>
    </Filter>
    <Filter Include="src\solvers\platform">
      <UniqueIdentifier>{ff7db8e5-191f-47a2-9085-43718ff75f01}</UniqueIdentifier>
    </Filter>
    <Filter Include="src\space\convection">
      <UniqueIdentifier>{3a7fbd9c-3914-43f4-bf17-909cc713848a}</UniqueIdentifier>
    </Filter>
    <Filter Include="src\include\AMatrix">
      <UniqueIdentifier>{a1719419-c33c-4263-b2e6-5cfbf21f2c5b}</UniqueIdentifier>
    </Filter>
    <Filter Include="src\time">
      <UniqueIdentifier>{a6b01b9c-b6dc-4171-bce4-4f85e2632d47}</UniqueIdentifier>
    </Filter>
    <Filter Include="src\space\gradient">
      <UniqueIdentifier>{7a6d9b49-c9f3-445c-8bb4-d73029c88f1b}</UniqueIdentifier>
    </Filter>
    <Filter Include="src\space\restrict">
      <UniqueIdentifier>{d57ddb73-7870-4a4e-9a12-65fd1e757654}</UniqueIdentifier>
    </Filter>
    <Filter Include="src\output\exact_solution">
      <UniqueIdentifier>{fa4f593e-f8d3-4ae2-a0c3-17ee73aa5a02}</UniqueIdentifier>
    </Filter>
    <Filter Include="src\space\reconstruct">
      <UniqueIdentifier>{d81613de-4606-4074-bcf4-1216ca09c29c}</UniqueIdentifier>
    </Filter>
    <Filter Include="src\boundary_condition">
      <UniqueIdentifier>{c3e3cce1-a60f-4af4-ab3f-13c7f409f2f5}</UniqueIdentifier>
    </Filter>
    <Filter Include="src\space\viscous_flux">
      <UniqueIdentifier>{ffc34ffd-8f58-4d4a-b801-3ed36eaa021f}</UniqueIdentifier>
    </Filter>
    <Filter Include="src\output\residual">
      <UniqueIdentifier>{468bef98-cb7a-40cd-85ca-1452ccc9fd8d}</UniqueIdentifier>
    </Filter>
  </ItemGroup>
  <ItemGroup>
    <ClCompile Include="src\main.cpp">
      <Filter>src</Filter>
    </ClCompile>
    <ClCompile Include="src\BoundaryManager_2D.cpp">
      <Filter>src</Filter>
    </ClCompile>
    <ClCompile Include="src\Edge_2D.cpp">
      <Filter>src</Filter>
    </ClCompile>
    <ClCompile Include="src\Element_2D.cpp">
      <Filter>src</Filter>
    </ClCompile>
    <ClCompile Include="src\FVM_2D.cpp">
      <Filter>src</Filter>
    </ClCompile>
    <ClCompile Include="src\Node_2D.cpp">
      <Filter>src</Filter>
    </ClCompile>
    <ClCompile Include="src\output\ConsolePrinter.cpp">
      <Filter>src\output</Filter>
    </ClCompile>
    <ClCompile Include="src\output\ResidualCalculator.cpp">
      <Filter>src\output</Filter>
    </ClCompile>
    <ClCompile Include="src\output\LogWriter.cpp">
      <Filter>src\output</Filter>
    </ClCompile>
    <ClCompile Include="src\global\FilePathManager.cpp">
      <Filter>src\global</Filter>
    </ClCompile>
    <ClCompile Include="src\global\SystemInfo.cpp">
      <Filter>src\global</Filter>
    </ClCompile>
    <ClCompile Include="src\output\HistWriter.cpp">
      <Filter>src\output</Filter>
    </ClCompile>
    <ClCompile Include="src\input\TomlFileManager.cpp">
      <Filter>src\input</Filter>
    </ClCompile>
    <ClCompile Include="src\global\StringProcessor.cpp">
      <Filter>src\global</Filter>
    </ClCompile>
    <ClCompile Include="src\input\InpMeshReader.cpp">
      <Filter>src\input</Filter>
    </ClCompile>
    <ClCompile Include="src\output\FieldWriter.cpp">
      <Filter>src\output</Filter>
    </ClCompile>
    <ClCompile Include="src\input\AirParameterConverter.cpp">
      <Filter>src\input</Filter>
    </ClCompile>
    <ClCompile Include="src\space\RiemannSolver.cpp">
      <Filter>src\space</Filter>
    </ClCompile>
    <ClCompile Include="src\space\Reconstructor.cpp">
      <Filter>src\space</Filter>
    </ClCompile>
    <ClCompile Include="src\space\Limiter.cpp">
      <Filter>src\space</Filter>
    </ClCompile>
    <ClCompile Include="src\input\SU2MeshReader.cpp">
      <Filter>src\input</Filter>
    </ClCompile>
    <ClCompile Include="src\gpu\datatype\ElementSoA.cu">
      <Filter>src\gpu\dataType</Filter>
    </ClCompile>
    <ClCompile Include="src\gpu\datatype\EdgeSoA.cu">
      <Filter>src\gpu\dataType</Filter>
    </ClCompile>
    <ClCompile Include="src\gpu\datatype\NodeSoA.cu">
      <Filter>src\gpu\dataType</Filter>
    </ClCompile>
    <ClCompile Include="src\input\ContinueFileReader.cpp">
      <Filter>src\input</Filter>
    </ClCompile>
    <ClCompile Include="src\drivers\CDriver.cpp">
      <Filter>src\drivers</Filter>
    </ClCompile>
    <ClCompile Include="src\solvers\CSolver.cpp">
      <Filter>src\solvers</Filter>
    </ClCompile>
    <ClCompile Include="src\solvers\equation\CEquation.cpp">
      <Filter>src\solvers\equation</Filter>
    </ClCompile>
    <ClCompile Include="src\solvers\platform\CPlatform.cpp">
      <Filter>src\solvers\platform</Filter>
    </ClCompile>
    <ClCompile Include="src\solvers\CEulerSolver.cpp">
      <Filter>src\solvers</Filter>
    </ClCompile>
    <ClCompile Include="src\output\COutput.cpp">
      <Filter>src\output</Filter>
    </ClCompile>
    <ClCompile Include="src\include\AMatrix\AMatrix.cpp">
      <Filter>src\include\AMatrix</Filter>
    </ClCompile>
    <ClCompile Include="src\time\Evolve.cpp">
      <Filter>src\time</Filter>
    </ClCompile>
    <ClCompile Include="src\time\CalculateDt.cpp">
      <Filter>src\time</Filter>
    </ClCompile>
    <ClCompile Include="src\space\Flux.cpp">
      <Filter>src\space</Filter>
    </ClCompile>
    <ClCompile Include="src\space\convection\LocalLaxFriedrichs.cpp">
      <Filter>src\space\convection</Filter>
    </ClCompile>
    <ClCompile Include="src\gpu\datatype\BoundarySetMap.cu">
      <Filter>src\gpu\dataType</Filter>
    </ClCompile>
    <ClCompile Include="src\space\gradient\Gradient.cpp">
      <Filter>src\space\gradient</Filter>
    </ClCompile>
    <ClCompile Include="src\global\GlobalPara.cpp">
      <Filter>src\global</Filter>
    </ClCompile>
    <ClCompile Include="src\solvers\OldDataConverter.cpp">
      <Filter>src\solvers</Filter>
    </ClCompile>
    <ClCompile Include="src\input\CInput.cpp">
      <Filter>src\input</Filter>
    </ClCompile>
    <ClCompile Include="src\space\restrict\Restrict.cpp">
      <Filter>src\space\restrict</Filter>
    </ClCompile>
    <ClCompile Include="src\input\FieldInitializer.cpp">
      <Filter>src\input</Filter>
    </ClCompile>
    <ClCompile Include="src\output\ExactSolutionWriter.cpp">
      <Filter>src\output</Filter>
    </ClCompile>
    <ClCompile Include="src\output\exact_solution\ShockTubeExactSolver.cpp">
      <Filter>src\output\exact_solution</Filter>
    </ClCompile>
    <ClCompile Include="src\space\gradient\GreenGauss.cpp">
      <Filter>src\space\gradient</Filter>
    </ClCompile>
    <ClCompile Include="src\input\GeometryReader.cpp">
      <Filter>src\input</Filter>
    </ClCompile>
    <ClCompile Include="src\global\CExit.cpp">
      <Filter>src\global</Filter>
    </ClCompile>
    <ClCompile Include="src\boundary_condition\CBoundaryDoubleShockReflect.cpp">
      <Filter>src\boundary_condition</Filter>
    </ClCompile>
    <ClCompile Include="src\boundary_condition\BoundaryManager.cpp">
      <Filter>src\boundary_condition</Filter>
    </ClCompile>
    <ClCompile Include="src\time\CIteration.cpp">
      <Filter>src\time</Filter>
    </ClCompile>
    <ClCompile Include="src\solvers\SolverDataGetter.cpp">
      <Filter>src\solvers</Filter>
    </ClCompile>
    <ClCompile Include="src\drivers\RoutineController.cpp">
      <Filter>src\drivers</Filter>
    </ClCompile>
    <ClCompile Include="src\gpu\datatype\BoundaryV2.cpp">
      <Filter>src\gpu\dataType</Filter>
    </ClCompile>
    <ClCompile Include="src\space\viscous_flux\ViscousFlux.cpp">
      <Filter>src\space\viscous_flux</Filter>
    </ClCompile>
    <ClCompile Include="src\input\MaterialManager.cpp">
      <Filter>src\input</Filter>
    </ClCompile>
    <ClCompile Include="src\output\residual\Residual.cpp">
      <Filter>src\output\residual</Filter>
    </ClCompile>
    <ClCompile Include="src\input\TecplotFileReader.cpp">
      <Filter>src\input</Filter>
    </ClCompile>
    <ClCompile Include="src\math\PhysicalKernel.cpp">
      <Filter>src\math</Filter>
    </ClCompile>
  </ItemGroup>
  <ItemGroup>
    <None Include="README.md" />
  </ItemGroup>
  <ItemGroup>
    <ClInclude Include="src\BoundaryManager_2D.h">
      <Filter>src</Filter>
    </ClInclude>
    <ClInclude Include="src\Edge_2D.h">
      <Filter>src</Filter>
    </ClInclude>
    <ClInclude Include="src\Element_2D.h">
      <Filter>src</Filter>
    </ClInclude>
    <ClInclude Include="src\FVM_2D.h">
      <Filter>src</Filter>
    </ClInclude>
    <ClInclude Include="src\head.h">
      <Filter>src</Filter>
    </ClInclude>
    <ClInclude Include="src\Node_2D.h">
      <Filter>src</Filter>
    </ClInclude>
    <ClInclude Include="src\output\ConsolePrinter.h">
      <Filter>src\output</Filter>
    </ClInclude>
    <ClInclude Include="src\output\ResidualCalculator.h">
      <Filter>src\output</Filter>
    </ClInclude>
    <ClInclude Include="src\output\LogWriter.h">
      <Filter>src\output</Filter>
    </ClInclude>
    <ClInclude Include="src\global\FilePathManager.h">
      <Filter>src\global</Filter>
    </ClInclude>
    <ClInclude Include="src\global\StringProcessor.h">
      <Filter>src\global</Filter>
    </ClInclude>
    <ClInclude Include="src\global\SystemInfo.h">
      <Filter>src\global</Filter>
    </ClInclude>
    <ClInclude Include="src\output\HistWriter.h">
      <Filter>src\output</Filter>
    </ClInclude>
    <ClInclude Include="src\input\TomlFileManager.h">
      <Filter>src\input</Filter>
    </ClInclude>
    <ClInclude Include="src\input\InpMeshReader.h">
      <Filter>src\input</Filter>
    </ClInclude>
    <ClInclude Include="src\output\FieldWriter.h">
      <Filter>src\output</Filter>
    </ClInclude>
    <ClInclude Include="src\input\AirParameterConverter.h">
      <Filter>src\input</Filter>
    </ClInclude>
    <ClInclude Include="src\space\RiemannSolver.h">
      <Filter>src\space</Filter>
    </ClInclude>
    <ClInclude Include="src\space\Reconstructor.h">
      <Filter>src\space</Filter>
    </ClInclude>
    <ClInclude Include="src\space\Limiter.h">
      <Filter>src\space</Filter>
    </ClInclude>
    <ClInclude Include="src\input\SU2MeshReader.h">
      <Filter>src\input</Filter>
    </ClInclude>
    <ClInclude Include="src\gpu\datatype\EdgeSoA.h">
      <Filter>src\gpu\dataType</Filter>
    </ClInclude>
    <ClInclude Include="src\gpu\datatype\ElementSoA.h">
      <Filter>src\gpu\dataType</Filter>
    </ClInclude>
    <ClInclude Include="src\gpu\datatype\NodeSoA.h">
      <Filter>src\gpu\dataType</Filter>
    </ClInclude>
    <ClInclude Include="src\input\ContinueFileReader.h">
      <Filter>src\input</Filter>
    </ClInclude>
    <ClInclude Include="src\gpu\datatype\FieldSoA.h">
      <Filter>src\gpu\dataType</Filter>
    </ClInclude>
    <ClInclude Include="src\drivers\CDriver.h">
      <Filter>src\drivers</Filter>
    </ClInclude>
    <ClInclude Include="src\solvers\CSolver.h">
      <Filter>src\solvers</Filter>
    </ClInclude>
    <ClInclude Include="src\solvers\equation\CEquation.h">
      <Filter>src\solvers\equation</Filter>
    </ClInclude>
    <ClInclude Include="src\solvers\platform\CPlatform.h">
      <Filter>src\solvers\platform</Filter>
    </ClInclude>
    <ClInclude Include="src\solvers\CEulerSolver.h">
      <Filter>src\solvers</Filter>
    </ClInclude>
    <ClInclude Include="src\output\COutput.h">
      <Filter>src\output</Filter>
    </ClInclude>
    <ClInclude Include="src\space\convection\Roe.h">
      <Filter>src\space\convection</Filter>
    </ClInclude>
    <ClInclude Include="src\include\AMatrix\AMatrix.h">
      <Filter>src\include\AMatrix</Filter>
    </ClInclude>
    <ClInclude Include="src\space\convection\RoeGPU.h">
      <Filter>src\space\convection</Filter>
    </ClInclude>
    <ClInclude Include="src\time\EvolveGPU.h">
      <Filter>src\time</Filter>
    </ClInclude>
    <ClInclude Include="src\time\Evolve.h">
      <Filter>src\time</Filter>
    </ClInclude>
    <ClInclude Include="src\time\CalculateDt.h">
      <Filter>src\time</Filter>
    </ClInclude>
    <ClInclude Include="src\space\FluxGPU.h">
      <Filter>src\space</Filter>
    </ClInclude>
    <ClInclude Include="src\space\gradient\GradientGPU.h">
      <Filter>src\space\gradient</Filter>
    </ClInclude>
    <ClInclude Include="src\gpu\datatype\Datatype.h">
      <Filter>src\gpu\dataType</Filter>
    </ClInclude>
    <ClInclude Include="src\math\MatrixKernelGPU.h">
      <Filter>src\math</Filter>
    </ClInclude>
    <ClInclude Include="src\math\PhysicalKernel.h">
      <Filter>src\math</Filter>
    </ClInclude>
    <ClInclude Include="src\solvers\GPUSolver2.h">
      <Filter>src\solvers</Filter>
    </ClInclude>
    <ClInclude Include="src\space\Flux.h">
      <Filter>src\space</Filter>
    </ClInclude>
    <ClInclude Include="src\space\convection\LocalLaxFriedrichs.h">
      <Filter>src\space\convection</Filter>
    </ClInclude>
    <ClInclude Include="src\gpu\datatype\BoundarySetMap.h">
      <Filter>src\gpu\dataType</Filter>
    </ClInclude>
    <ClInclude Include="src\space\convection\Convection.h">
      <Filter>src\space\convection</Filter>
    </ClInclude>
    <ClInclude Include="src\space\convection\ConvectionGPU.h">
      <Filter>src\space\convection</Filter>
    </ClInclude>
    <ClInclude Include="src\gpu\datatype\DeviceData.h">
      <Filter>src\gpu\dataType</Filter>
    </ClInclude>
    <ClInclude Include="src\space\convection\LocalLaxFriedrichsGPU.h">
      <Filter>src\space\convection</Filter>
    </ClInclude>
    <ClInclude Include="src\space\gradient\Gradient.h">
      <Filter>src\space\gradient</Filter>
    </ClInclude>
    <ClInclude Include="src\math\MatrixKernel.h">
      <Filter>src\math</Filter>
    </ClInclude>
    <ClInclude Include="src\global\GlobalPara.h">
      <Filter>src\global</Filter>
    </ClInclude>
    <ClInclude Include="src\solvers\OldDataConverter.h">
      <Filter>src\solvers</Filter>
    </ClInclude>
    <ClInclude Include="src\input\CInput.h">
      <Filter>src\input</Filter>
    </ClInclude>
    <ClInclude Include="src\math\PhysicalKernelGPU.h">
      <Filter>src\math</Filter>
    </ClInclude>
    <ClInclude Include="src\math\Math.h">
      <Filter>src\math</Filter>
    </ClInclude>
    <ClInclude Include="src\math\MathGPU.h">
      <Filter>src\math</Filter>
    </ClInclude>
    <ClInclude Include="src\math\CommonValue.h">
      <Filter>src\math</Filter>
    </ClInclude>
    <ClInclude Include="src\math\BasicAlgorithm.h">
      <Filter>src\math</Filter>
    </ClInclude>
    <ClInclude Include="src\math\BasicAlgorithmGPU.h">
      <Filter>src\math</Filter>
    </ClInclude>
    <ClInclude Include="src\space\restrict\Restrict.h">
      <Filter>src\space\restrict</Filter>
    </ClInclude>
    <ClInclude Include="src\input\FieldInitializer.h">
      <Filter>src\input</Filter>
    </ClInclude>
    <ClInclude Include="src\output\ExactSolutionWriter.h">
      <Filter>src\output</Filter>
    </ClInclude>
    <ClInclude Include="src\output\exact_solution\ShockTubeExactSolver.h">
      <Filter>src\output\exact_solution</Filter>
    </ClInclude>
    <ClInclude Include="src\space\gradient\GreenGauss.h">
      <Filter>src\space\gradient</Filter>
    </ClInclude>
    <ClInclude Include="src\input\GeometryReader.h">
      <Filter>src\input</Filter>
    </ClInclude>
    <ClInclude Include="src\global\CTimer.h">
      <Filter>src\global</Filter>
    </ClInclude>
    <ClInclude Include="src\gpu\GPUGlobalFunction.h">
      <Filter>src\gpu</Filter>
    </ClInclude>
    <ClInclude Include="src\global\Constexpr.h">
      <Filter>src\global</Filter>
    </ClInclude>
    <ClInclude Include="src\global\SGlobalPara.h">
      <Filter>src\global</Filter>
    </ClInclude>
    <ClInclude Include="src\space\restrict\RestrictGPU.h">
      <Filter>src\space\restrict</Filter>
    </ClInclude>
    <ClInclude Include="src\space\reconstruct\MUSCL.h">
      <Filter>src\space\reconstruct</Filter>
    </ClInclude>
    <ClInclude Include="src\global\CExit.h">
      <Filter>src\global</Filter>
    </ClInclude>
    <ClInclude Include="src\boundary_condition\CBoundaryDoubleShockReflect.h">
      <Filter>src\boundary_condition</Filter>
    </ClInclude>
    <ClInclude Include="src\boundary_condition\BoundaryManager.h">
      <Filter>src\boundary_condition</Filter>
    </ClInclude>
    <ClInclude Include="src\time\CIteration.h">
      <Filter>src\time</Filter>
    </ClInclude>
    <ClInclude Include="src\gpu\datatype\DefineType.h">
      <Filter>src\gpu\dataType</Filter>
    </ClInclude>
    <ClInclude Include="src\gpu\Env.h">
      <Filter>src\gpu</Filter>
    </ClInclude>
    <ClInclude Include="src\time\CalculateDtGPU.h">
      <Filter>src\time</Filter>
    </ClInclude>
    <ClInclude Include="src\gpu\datatype\Matrix_4xn.h">
      <Filter>src\gpu\dataType</Filter>
    </ClInclude>
    <ClInclude Include="src\solvers\SolverDataGetter.h">
      <Filter>src\solvers</Filter>
    </ClInclude>
    <ClInclude Include="src\drivers\RoutineController.h">
      <Filter>src\drivers</Filter>
    </ClInclude>
    <ClInclude Include="src\gpu\datatype\BoundaryV2.h">
      <Filter>src\gpu\dataType</Filter>
    </ClInclude>
    <ClInclude Include="src\space\viscous_flux\ViscousFlux.h">
      <Filter>src\space\viscous_flux</Filter>
    </ClInclude>
    <ClInclude Include="src\input\MaterialManager.h">
      <Filter>src\input</Filter>
    </ClInclude>
    <ClInclude Include="resource.h" />
    <ClInclude Include="src\space\viscous_flux\ViscousFluxGPU.h">
      <Filter>src\space\viscous_flux</Filter>
    </ClInclude>
    <ClInclude Include="src\math\ReduceGPU.h">
      <Filter>src\math</Filter>
    </ClInclude>
    <ClInclude Include="src\output\residual\Residual.h">
      <Filter>src\output\residual</Filter>
    </ClInclude>
    <ClInclude Include="src\output\residual\EnumNormType.h">
      <Filter>src\output\residual</Filter>
    </ClInclude>
    <ClInclude Include="src\output\residual\ResidualGPU.h">
      <Filter>src\output\residual</Filter>
    </ClInclude>
    <ClInclude Include="src\input\TecplotFileReader.h">
      <Filter>src\input</Filter>
    </ClInclude>
    <ClInclude Include="src\math\StandardHeader.h">
      <Filter>src\math</Filter>
    </ClInclude>
  </ItemGroup>
  <ItemGroup>
    <CudaCompile Include="src\gpu\datatype\FieldSoA.cu">
      <Filter>src\gpu\dataType</Filter>
    </CudaCompile>
    <CudaCompile Include="src\space\convection\Roe.cpp">
      <Filter>src\space\convection</Filter>
    </CudaCompile>
    <CudaCompile Include="src\space\convection\RoeGPU.cu">
      <Filter>src\space\convection</Filter>
    </CudaCompile>
    <CudaCompile Include="src\time\EvolveGPU.cu">
      <Filter>src\time</Filter>
    </CudaCompile>
    <CudaCompile Include="src\space\FluxGPU.cu">
      <Filter>src\space</Filter>
    </CudaCompile>
    <CudaCompile Include="src\space\gradient\GradientGPU.cu">
      <Filter>src\space\gradient</Filter>
    </CudaCompile>
    <CudaCompile Include="src\solvers\GPUSolver2.cpp">
      <Filter>src\solvers</Filter>
    </CudaCompile>
    <CudaCompile Include="src\gpu\datatype\DeviceData.cu">
      <Filter>src\gpu\dataType</Filter>
    </CudaCompile>
    <CudaCompile Include="src\space\convection\LocalLaxFriedrichsGPU.cu">
      <Filter>src\space\convection</Filter>
    </CudaCompile>
    <CudaCompile Include="src\gpu\GPUGlobalFunction.cu">
      <Filter>src\gpu</Filter>
    </CudaCompile>
    <CudaCompile Include="src\space\restrict\RestrictGPU.cu">
      <Filter>src\space\restrict</Filter>
    </CudaCompile>
    <CudaCompile Include="src\time\CalculateDtGPU.cu">
      <Filter>src\time</Filter>
    </CudaCompile>
    <CudaCompile Include="src\space\viscous_flux\ViscousFluxGPU.cu">
      <Filter>src\space\viscous_flux</Filter>
    </CudaCompile>
    <CudaCompile Include="src\math\BasicAlgorithmGPU.cu">
      <Filter>src\math</Filter>
    </CudaCompile>
    <CudaCompile Include="src\math\ReduceGPU.cu">
      <Filter>src\math</Filter>
    </CudaCompile>
    <CudaCompile Include="src\math\PhysicalKernelGPU.cu">
      <Filter>src\math</Filter>
    </CudaCompile>
    <CudaCompile Include="src\output\residual\ResidualGPU.cu">
      <Filter>src\output\residual</Filter>
    </CudaCompile>
  </ItemGroup>
  <ItemGroup>
    <ResourceCompile Include="Resource.rc" />
  </ItemGroup>
</Project>