<?xml version="1.0" encoding="utf-8"?>
<Project ToolsVersion="4.0" xmlns="http://schemas.microsoft.com/developer/msbuild/2003">
  <ItemGroup>
    <Filter Include="src">
      <UniqueIdentifier>{658957a5-9c91-47e2-8a91-cc88a5ffda56}</UniqueIdentifier>
    </Filter>
    <Filter Include="src\input">
      <UniqueIdentifier>{73ef91a6-f54b-4145-8366-e0cd8d75846a}</UniqueIdentifier>
    </Filter>
    <Filter Include="src\space">
      <UniqueIdentifier>{726ff99f-3af8-48ee-a4ac-2e9d12aa4d80}</UniqueIdentifier>
    </Filter>
    <Filter Include="src\output">
      <UniqueIdentifier>{ca54a5f7-932d-4cdd-8af9-a251edfdfba8}</UniqueIdentifier>
    </Filter>
    <Filter Include="src\turbulence_model">
      <UniqueIdentifier>{46b17362-5664-4cac-a6c8-d49ae1850fa7}</UniqueIdentifier>
    </Filter>
    <Filter Include="src\include">
      <UniqueIdentifier>{a7adfe9a-cfd7-41f3-8596-c693afbac073}</UniqueIdentifier>
    </Filter>
    <Filter Include="src\time">
      <UniqueIdentifier>{d1707c13-bcab-4560-a599-b2f3bed0817c}</UniqueIdentifier>
    </Filter>
    <Filter Include="src\include\easyloggingpp">
      <UniqueIdentifier>{ad3f2508-6f02-4c87-9a17-7bc2a083267f}</UniqueIdentifier>
    </Filter>
    <Filter Include="src\include\rapidjson">
      <UniqueIdentifier>{0b3a33e6-4f29-46d4-87ea-67e0ee05b739}</UniqueIdentifier>
    </Filter>
    <Filter Include="src\global">
      <UniqueIdentifier>{67b8fe61-ae4b-4c78-bc45-e39b906d045b}</UniqueIdentifier>
    </Filter>
    <Filter Include="src\math">
      <UniqueIdentifier>{2922bb1e-c106-4860-a3de-36943be2ad81}</UniqueIdentifier>
    </Filter>
  </ItemGroup>
  <ItemGroup>
    <ClCompile Include="src\main.cpp">
      <Filter>src</Filter>
    </ClCompile>
    <ClCompile Include="src\BoundaryManager_2D.cpp">
      <Filter>src</Filter>
    </ClCompile>
    <ClCompile Include="src\Edge_2D.cpp">
      <Filter>src</Filter>
    </ClCompile>
    <ClCompile Include="src\Element_2D.cpp">
      <Filter>src</Filter>
    </ClCompile>
    <ClCompile Include="src\FVM.cpp">
      <Filter>src</Filter>
    </ClCompile>
    <ClCompile Include="src\FVM_2D.cpp">
      <Filter>src</Filter>
    </ClCompile>
    <ClCompile Include="src\GlobalPara.cpp">
      <Filter>src</Filter>
    </ClCompile>
    <ClCompile Include="src\head.cpp">
      <Filter>src</Filter>
    </ClCompile>
    <ClCompile Include="src\Math.cpp">
      <Filter>src</Filter>
    </ClCompile>
    <ClCompile Include="src\Node_2D.cpp">
      <Filter>src</Filter>
    </ClCompile>
    <ClCompile Include="src\Solver_2D.cpp">
      <Filter>src</Filter>
    </ClCompile>
    <ClCompile Include="src\output\ConsolePrinter.cpp">
      <Filter>src\output</Filter>
    </ClCompile>
    <ClCompile Include="src\output\ResidualCalculator.cpp">
      <Filter>src\output</Filter>
    </ClCompile>
    <ClCompile Include="src\output\LogWriter.cpp">
      <Filter>src\output</Filter>
    </ClCompile>
    <ClCompile Include="src\global\FilePathManager.cpp">
      <Filter>src\global</Filter>
    </ClCompile>
    <ClCompile Include="src\global\SystemInfo.cpp">
      <Filter>src\global</Filter>
    </ClCompile>
    <ClCompile Include="src\global\Config.cpp">
      <Filter>src\global</Filter>
    </ClCompile>
    <ClCompile Include="src\output\HistWriter.cpp">
      <Filter>src\output</Filter>
    </ClCompile>
    <ClCompile Include="src\input\TomlFileManager.cpp">
      <Filter>src\input</Filter>
    </ClCompile>
    <ClCompile Include="src\global\StringProcessor.cpp">
      <Filter>src\global</Filter>
    </ClCompile>
    <ClCompile Include="src\input\GmeshMeshReader.cpp">
      <Filter>src\input</Filter>
    </ClCompile>
    <ClCompile Include="src\output\FieldWriter.cpp">
      <Filter>src\output</Filter>
    </ClCompile>
    <ClCompile Include="src\input\AirParameterConverter.cpp">
      <Filter>src\input</Filter>
    </ClCompile>
    <ClCompile Include="src\space\RiemannSolver.cpp">
      <Filter>src\space</Filter>
    </ClCompile>
    <ClCompile Include="src\space\Reconstructor.cpp">
      <Filter>src\space</Filter>
    </ClCompile>
    <ClCompile Include="src\math\AMatrix.cpp">
      <Filter>src\math</Filter>
    </ClCompile>
    <ClCompile Include="src\space\Limiter.cpp">
      <Filter>src\space</Filter>
    </ClCompile>
  </ItemGroup>
  <ItemGroup>
    <None Include="README.md" />
  </ItemGroup>
  <ItemGroup>
    <ClInclude Include="src\BoundaryManager_2D.h">
      <Filter>src</Filter>
    </ClInclude>
    <ClInclude Include="src\Edge_2D.h">
      <Filter>src</Filter>
    </ClInclude>
    <ClInclude Include="src\Element_2D.h">
      <Filter>src</Filter>
    </ClInclude>
    <ClInclude Include="src\FVM.h">
      <Filter>src</Filter>
    </ClInclude>
    <ClInclude Include="src\FVM_2D.h">
      <Filter>src</Filter>
    </ClInclude>
    <ClInclude Include="src\GlobalPara.h">
      <Filter>src</Filter>
    </ClInclude>
    <ClInclude Include="src\head.h">
      <Filter>src</Filter>
    </ClInclude>
    <ClInclude Include="src\Math.h">
      <Filter>src</Filter>
    </ClInclude>
    <ClInclude Include="src\Node_2D.h">
      <Filter>src</Filter>
    </ClInclude>
    <ClInclude Include="src\SignDefine.h">
      <Filter>src</Filter>
    </ClInclude>
    <ClInclude Include="src\Solver_2D.h">
      <Filter>src</Filter>
    </ClInclude>
    <ClInclude Include="src\output\ConsolePrinter.h">
      <Filter>src\output</Filter>
    </ClInclude>
    <ClInclude Include="src\output\ResidualCalculator.h">
      <Filter>src\output</Filter>
    </ClInclude>
    <ClInclude Include="src\output\LogWriter.h">
      <Filter>src\output</Filter>
    </ClInclude>
    <ClInclude Include="src\global\FilePathManager.h">
      <Filter>src\global</Filter>
    </ClInclude>
    <ClInclude Include="src\global\StringProcessor.h">
      <Filter>src\global</Filter>
    </ClInclude>
    <ClInclude Include="src\global\SystemInfo.h">
      <Filter>src\global</Filter>
    </ClInclude>
    <ClInclude Include="src\global\Config.h">
      <Filter>src\global</Filter>
    </ClInclude>
    <ClInclude Include="src\output\HistWriter.h">
      <Filter>src\output</Filter>
    </ClInclude>
    <ClInclude Include="src\input\TomlFileManager.h">
      <Filter>src\input</Filter>
    </ClInclude>
    <ClInclude Include="src\input\GmeshMeshReader.h">
      <Filter>src\input</Filter>
    </ClInclude>
    <ClInclude Include="src\output\FieldWriter.h">
      <Filter>src\output</Filter>
    </ClInclude>
    <ClInclude Include="src\input\AirParameterConverter.h">
      <Filter>src\input</Filter>
    </ClInclude>
    <ClInclude Include="src\space\RiemannSolver.h">
      <Filter>src\space</Filter>
    </ClInclude>
    <ClInclude Include="src\space\Reconstructor.h">
      <Filter>src\space</Filter>
    </ClInclude>
    <ClInclude Include="src\math\AMatrix.h">
      <Filter>src\math</Filter>
    </ClInclude>
    <ClInclude Include="src\space\Limiter.h">
      <Filter>src\space</Filter>
    </ClInclude>
  </ItemGroup>
</Project>