<?xml version="1.0" encoding="utf-8"?>
<Project ToolsVersion="4.0" xmlns="http://schemas.microsoft.com/developer/msbuild/2003">
  <ItemGroup>
    <Filter Include="include">
      <UniqueIdentifier>{2d65affe-d516-48ba-86ac-134718db557a}</UniqueIdentifier>
    </Filter>
    <Filter Include="src">
      <UniqueIdentifier>{50e65ff5-a993-40e9-862c-ec2e841bcf9f}</UniqueIdentifier>
    </Filter>
    <Filter Include="src\drivers">
      <UniqueIdentifier>{8b5f1690-32bf-456d-b804-dcec8ac25d35}</UniqueIdentifier>
    </Filter>
    <Filter Include="include\drivers">
      <UniqueIdentifier>{4cd628ac-05d4-4a1d-9d7a-8553809a2d70}</UniqueIdentifier>
    </Filter>
  </ItemGroup>
  <ItemGroup>
    <ClCompile Include="src\main.cpp">
      <Filter>src</Filter>
    </ClCompile>
    <ClCompile Include="src\drivers\CDriver.cpp">
      <Filter>src\drivers</Filter>
    </ClCompile>
    <ClCompile Include="src\drivers\CDriverBase.cpp">
      <Filter>src\drivers</Filter>
    </ClCompile>
    <ClCompile Include="src\drivers\CDummyDriver.cpp">
      <Filter>src\drivers</Filter>
    </ClCompile>
  </ItemGroup>
  <ItemGroup>
    <ClInclude Include="include\main.hpp">
      <Filter>include</Filter>
    </ClInclude>
    <ClInclude Include="include\CLI11.hpp">
      <Filter>include</Filter>
    </ClInclude>
    <ClInclude Include="include\drivers\CDriver.hpp">
      <Filter>include\drivers</Filter>
    </ClInclude>
    <ClInclude Include="include\drivers\CDriverBase.hpp">
      <Filter>include\drivers</Filter>
    </ClInclude>
    <ClInclude Include="include\drivers\CDummyDriver.hpp">
      <Filter>include\drivers</Filter>
    </ClInclude>
  </ItemGroup>
</Project>